<?xml version="1.0" encoding="utf-8"?>
<Project ToolsVersion="4.0" xmlns="http://schemas.microsoft.com/developer/msbuild/2003">
  <ItemGroup>
    <Filter Include="Source Files">
      <UniqueIdentifier>{4FC737F1-C7A5-4376-A066-2A32D752A2FF}</UniqueIdentifier>
      <Extensions>cpp;c;cc;cxx;c++;cppm;ixx;def;odl;idl;hpj;bat;asm;asmx</Extensions>
    </Filter>
    <Filter Include="Header Files">
      <UniqueIdentifier>{93995380-89BD-4b04-88EB-625FBE52EBFB}</UniqueIdentifier>
      <Extensions>h;hh;hpp;hxx;h++;hm;inl;inc;ipp;xsd</Extensions>
    </Filter>
    <Filter Include="Resource Files">
      <UniqueIdentifier>{67DA6AB6-F800-4c08-8B7A-83BB121AAD01}</UniqueIdentifier>
      <Extensions>rc;ico;cur;bmp;dlg;rc2;rct;bin;rgs;gif;jpg;jpeg;jpe;resx;tiff;tif;png;wav;mfcribbon-ms</Extensions>
    </Filter>
    <Filter Include="ReadMe">
      <UniqueIdentifier>{88eaa1d5-f0f1-4f94-9986-5dde2e94c653}</UniqueIdentifier>
      <Extensions>md</Extensions>
    </Filter>
  </ItemGroup>
  <ItemGroup>
    <ClInclude Include="sim65.h">
      <Filter>Header Files</Filter>
    </ClInclude>
    <ClInclude Include="framework.h">
      <Filter>Header Files</Filter>
    </ClInclude>
    <ClInclude Include="targetver.h">
      <Filter>Header Files</Filter>
    </ClInclude>
    <ClInclude Include="MainFrm.h">
      <Filter>Header Files</Filter>
    </ClInclude>
    <ClInclude Include="sim65Doc.h">
      <Filter>Header Files</Filter>
    </ClInclude>
    <ClInclude Include="sim65View.h">
      <Filter>Header Files</Filter>
    </ClInclude>
    <ClInclude Include="Resource.h">
      <Filter>Header Files</Filter>
    </ClInclude>
    <ClInclude Include="pch.h">
      <Filter>Header Files</Filter>
    </ClInclude>
    <ClInclude Include="Simulator65.h">
      <Filter>Header Files</Filter>
    </ClInclude>
    <ClInclude Include="OpTable.h">
      <Filter>Header Files</Filter>
    </ClInclude>
    <ClInclude Include="Instruction.h">
      <Filter>Header Files</Filter>
    </ClInclude>
    <ClInclude Include="Memory.h">
      <Filter>Header Files</Filter>
    </ClInclude>
    <ClInclude Include="6551ACIA.h">
      <Filter>Header Files</Filter>
    </ClInclude>
    <ClInclude Include="6522VIA.h">
      <Filter>Header Files</Filter>
    </ClInclude>
    <ClInclude Include="VectorIRQ.h">
      <Filter>Header Files</Filter>
    </ClInclude>
    <ClInclude Include="LedDisplay.h">
      <Filter>Header Files</Filter>
    </ClInclude>
    <ClInclude Include="KeyPad.h">
      <Filter>Header Files</Filter>
    </ClInclude>
    <ClInclude Include="Peripheral.h">
      <Filter>Header Files</Filter>
    </ClInclude>
  </ItemGroup>
  <ItemGroup>
    <ClCompile Include="sim65.cpp">
      <Filter>Source Files</Filter>
    </ClCompile>
    <ClCompile Include="MainFrm.cpp">
      <Filter>Source Files</Filter>
    </ClCompile>
    <ClCompile Include="sim65Doc.cpp">
      <Filter>Source Files</Filter>
    </ClCompile>
    <ClCompile Include="sim65View.cpp">
      <Filter>Source Files</Filter>
    </ClCompile>
    <ClCompile Include="pch.cpp">
      <Filter>Source Files</Filter>
    </ClCompile>
    <ClCompile Include="Simulator65.cpp">
      <Filter>Source Files</Filter>
    </ClCompile>
    <ClCompile Include="OpTable.cpp">
      <Filter>Source Files</Filter>
    </ClCompile>
    <ClCompile Include="Instruction.cpp">
      <Filter>Source Files</Filter>
    </ClCompile>
    <ClCompile Include="Memory.cpp">
      <Filter>Source Files</Filter>
    </ClCompile>
    <ClCompile Include="6551ACIA.cpp">
      <Filter>Source Files</Filter>
    </ClCompile>
    <ClCompile Include="6522VIA.cpp">
      <Filter>Source Files</Filter>
    </ClCompile>
    <ClCompile Include="VectorIRQ.cpp">
      <Filter>Source Files</Filter>
    </ClCompile>
    <ClCompile Include="LedDisplay.cpp">
      <Filter>Source Files</Filter>
    </ClCompile>
    <ClCompile Include="KeyPad.cpp">
      <Filter>Source Files</Filter>
    </ClCompile>
    <ClCompile Include="Peripheral.cpp">
      <Filter>Source Files</Filter>
    </ClCompile>
  </ItemGroup>
  <ItemGroup>
    <None Include="sim65.reg" />
    <None Include="res\sim65.rc2">
      <Filter>Resource Files</Filter>
    </None>
    <None Include="readme.md">
      <Filter>ReadMe</Filter>
    </None>
  </ItemGroup>
  <ItemGroup>
    <ResourceCompile Include="sim65.rc">
      <Filter>Resource Files</Filter>
    </ResourceCompile>
  </ItemGroup>
  <ItemGroup>
    <Image Include="res\userimages.bmp">
      <Filter>Resource Files</Filter>
    </Image>
    <Image Include="res\sim65Doc.ico">
      <Filter>Resource Files</Filter>
    </Image>
    <Image Include="res\sim65.ico">
      <Filter>Resource Files</Filter>
    </Image>
    <Image Include="res\Toolbar.bmp">
      <Filter>Resource Files</Filter>
    </Image>
    <Image Include="res\Toolbar256.bmp">
      <Filter>Resource Files</Filter>
    </Image>
  </ItemGroup>
</Project>